
Microsoft Visual Studio Solution File, Format Version 12.00
# Visual Studio Version 17
VisualStudioVersion = 17.5.2.0
MinimumVisualStudioVersion = 10.0.40219.1
Project("{2150E333-8FDC-42A3-9474-1A3956D46DE8}") = "src", "src", "{827E0CD3-B72D-47B6-A68D-7590B98EB39B}"
EndProject
Project("{FAE04EC0-301F-11D3-BF4B-00C04F79EFBC}") = "DualClip.App", "src\DualClip.App\DualClip.App.csproj", "{BE167A22-0BCB-47CA-8825-EE15C8900A81}"
EndProject
Project("{FAE04EC0-301F-11D3-BF4B-00C04F79EFBC}") = "DualClip.Core", "src\DualClip.Core\DualClip.Core.csproj", "{89B1A418-F541-4562-8612-6182DFAE8635}"
EndProject
Project("{FAE04EC0-301F-11D3-BF4B-00C04F79EFBC}") = "DualClip.Capture", "src\DualClip.Capture\DualClip.Capture.csproj", "{DE4603DC-CF53-4F25-97B3-17B4DD590789}"
EndProject
Project("{FAE04EC0-301F-11D3-BF4B-00C04F79EFBC}") = "DualClip.Buffering", "src\DualClip.Buffering\DualClip.Buffering.csproj", "{6EF6CCBB-CBA9-4A7F-AF34-F349B2DEA709}"
EndProject
Project("{FAE04EC0-301F-11D3-BF4B-00C04F79EFBC}") = "DualClip.Encoding", "src\DualClip.Encoding\DualClip.Encoding.csproj", "{26FB8E63-811B-47D7-9986-F49EEE2990A5}"
EndProject
Project("{FAE04EC0-301F-11D3-BF4B-00C04F79EFBC}") = "DualClip.Infrastructure", "src\DualClip.Infrastructure\DualClip.Infrastructure.csproj", "{36C41D67-920F-4FB1-815C-CA7DAB79E04D}"
EndProject
Global
	GlobalSection(SolutionConfigurationPlatforms) = preSolution
		Debug|Any CPU = Debug|Any CPU
		Debug|x64 = Debug|x64
		Debug|x86 = Debug|x86
		Release|Any CPU = Release|Any CPU
		Release|x64 = Release|x64
		Release|x86 = Release|x86
	EndGlobalSection
	GlobalSection(ProjectConfigurationPlatforms) = postSolution
		{BE167A22-0BCB-47CA-8825-EE15C8900A81}.Debug|Any CPU.ActiveCfg = Debug|Any CPU
		{BE167A22-0BCB-47CA-8825-EE15C8900A81}.Debug|Any CPU.Build.0 = Debug|Any CPU
		{BE167A22-0BCB-47CA-8825-EE15C8900A81}.Debug|x64.ActiveCfg = Debug|Any CPU
		{BE167A22-0BCB-47CA-8825-EE15C8900A81}.Debug|x64.Build.0 = Debug|Any CPU
		{BE167A22-0BCB-47CA-8825-EE15C8900A81}.Debug|x86.ActiveCfg = Debug|Any CPU
		{BE167A22-0BCB-47CA-8825-EE15C8900A81}.Debug|x86.Build.0 = Debug|Any CPU
		{BE167A22-0BCB-47CA-8825-EE15C8900A81}.Release|Any CPU.ActiveCfg = Release|Any CPU
		{BE167A22-0BCB-47CA-8825-EE15C8900A81}.Release|Any CPU.Build.0 = Release|Any CPU
		{BE167A22-0BCB-47CA-8825-EE15C8900A81}.Release|x64.ActiveCfg = Release|Any CPU
		{BE167A22-0BCB-47CA-8825-EE15C8900A81}.Release|x64.Build.0 = Release|Any CPU
		{BE167A22-0BCB-47CA-8825-EE15C8900A81}.Release|x86.ActiveCfg = Release|Any CPU
		{BE167A22-0BCB-47CA-8825-EE15C8900A81}.Release|x86.Build.0 = Release|Any CPU
		{89B1A418-F541-4562-8612-6182DFAE8635}.Debug|Any CPU.ActiveCfg = Debug|Any CPU
		{89B1A418-F541-4562-8612-6182DFAE8635}.Debug|Any CPU.Build.0 = Debug|Any CPU
		{89B1A418-F541-4562-8612-6182DFAE8635}.Debug|x64.ActiveCfg = Debug|Any CPU
		{89B1A418-F541-4562-8612-6182DFAE8635}.Debug|x64.Build.0 = Debug|Any CPU
		{89B1A418-F541-4562-8612-6182DFAE8635}.Debug|x86.ActiveCfg = Debug|Any CPU
		{89B1A418-F541-4562-8612-6182DFAE8635}.Debug|x86.Build.0 = Debug|Any CPU
		{89B1A418-F541-4562-8612-6182DFAE8635}.Release|Any CPU.ActiveCfg = Release|Any CPU
		{89B1A418-F541-4562-8612-6182DFAE8635}.Release|Any CPU.Build.0 = Release|Any CPU
		{89B1A418-F541-4562-8612-6182DFAE8635}.Release|x64.ActiveCfg = Release|Any CPU
		{89B1A418-F541-4562-8612-6182DFAE8635}.Release|x64.Build.0 = Release|Any CPU
		{89B1A418-F541-4562-8612-6182DFAE8635}.Release|x86.ActiveCfg = Release|Any CPU
		{89B1A418-F541-4562-8612-6182DFAE8635}.Release|x86.Build.0 = Release|Any CPU
		{DE4603DC-CF53-4F25-97B3-17B4DD590789}.Debug|Any CPU.ActiveCfg = Debug|Any CPU
		{DE4603DC-CF53-4F25-97B3-17B4DD590789}.Debug|Any CPU.Build.0 = Debug|Any CPU
		{DE4603DC-CF53-4F25-97B3-17B4DD590789}.Debug|x64.ActiveCfg = Debug|Any CPU
		{DE4603DC-CF53-4F25-97B3-17B4DD590789}.Debug|x64.Build.0 = Debug|Any CPU
		{DE4603DC-CF53-4F25-97B3-17B4DD590789}.Debug|x86.ActiveCfg = Debug|Any CPU
		{DE4603DC-CF53-4F25-97B3-17B4DD590789}.Debug|x86.Build.0 = Debug|Any CPU
		{DE4603DC-CF53-4F25-97B3-17B4DD590789}.Release|Any CPU.ActiveCfg = Release|Any CPU
		{DE4603DC-CF53-4F25-97B3-17B4DD590789}.Release|Any CPU.Build.0 = Release|Any CPU
		{DE4603DC-CF53-4F25-97B3-17B4DD590789}.Release|x64.ActiveCfg = Release|Any CPU
		{DE4603DC-CF53-4F25-97B3-17B4DD590789}.Release|x64.Build.0 = Release|Any CPU
		{DE4603DC-CF53-4F25-97B3-17B4DD590789}.Release|x86.ActiveCfg = Release|Any CPU
		{DE4603DC-CF53-4F25-97B3-17B4DD590789}.Release|x86.Build.0 = Release|Any CPU
		{6EF6CCBB-CBA9-4A7F-AF34-F349B2DEA709}.Debug|Any CPU.ActiveCfg = Debug|Any CPU
		{6EF6CCBB-CBA9-4A7F-AF34-F349B2DEA709}.Debug|Any CPU.Build.0 = Debug|Any CPU
		{6EF6CCBB-CBA9-4A7F-AF34-F349B2DEA709}.Debug|x64.ActiveCfg = Debug|Any CPU
		{6EF6CCBB-CBA9-4A7F-AF34-F349B2DEA709}.Debug|x64.Build.0 = Debug|Any CPU
		{6EF6CCBB-CBA9-4A7F-AF34-F349B2DEA709}.Debug|x86.ActiveCfg = Debug|Any CPU
		{6EF6CCBB-CBA9-4A7F-AF34-F349B2DEA709}.Debug|x86.Build.0 = Debug|Any CPU
		{6EF6CCBB-CBA9-4A7F-AF34-F349B2DEA709}.Release|Any CPU.ActiveCfg = Release|Any CPU
		{6EF6CCBB-CBA9-4A7F-AF34-F349B2DEA709}.Release|Any CPU.Build.0 = Release|Any CPU
		{6EF6CCBB-CBA9-4A7F-AF34-F349B2DEA709}.Release|x64.ActiveCfg = Release|Any CPU
		{6EF6CCBB-CBA9-4A7F-AF34-F349B2DEA709}.Release|x64.Build.0 = Release|Any CPU
		{6EF6CCBB-CBA9-4A7F-AF34-F349B2DEA709}.Release|x86.ActiveCfg = Release|Any CPU
		{6EF6CCBB-CBA9-4A7F-AF34-F349B2DEA709}.Release|x86.Build.0 = Release|Any CPU
		{26FB8E63-811B-47D7-9986-F49EEE2990A5}.Debug|Any CPU.ActiveCfg = Debug|Any CPU
		{26FB8E63-811B-47D7-9986-F49EEE2990A5}.Debug|Any CPU.Build.0 = Debug|Any CPU
		{26FB8E63-811B-47D7-9986-F49EEE2990A5}.Debug|x64.ActiveCfg = Debug|Any CPU
		{26FB8E63-811B-47D7-9986-F49EEE2990A5}.Debug|x64.Build.0 = Debug|Any CPU
		{26FB8E63-811B-47D7-9986-F49EEE2990A5}.Debug|x86.ActiveCfg = Debug|Any CPU
		{26FB8E63-811B-47D7-9986-F49EEE2990A5}.Debug|x86.Build.0 = Debug|Any CPU
		{26FB8E63-811B-47D7-9986-F49EEE2990A5}.Release|Any CPU.ActiveCfg = Release|Any CPU
		{26FB8E63-811B-47D7-9986-F49EEE2990A5}.Release|Any CPU.Build.0 = Release|Any CPU
		{26FB8E63-811B-47D7-9986-F49EEE2990A5}.Release|x64.ActiveCfg = Release|Any CPU
		{26FB8E63-811B-47D7-9986-F49EEE2990A5}.Release|x64.Build.0 = Release|Any CPU
		{26FB8E63-811B-47D7-9986-F49EEE2990A5}.Release|x86.ActiveCfg = Release|Any CPU
		{26FB8E63-811B-47D7-9986-F49EEE2990A5}.Release|x86.Build.0 = Release|Any CPU
		{36C41D67-920F-4FB1-815C-CA7DAB79E04D}.Debug|Any CPU.ActiveCfg = Debug|Any CPU
		{36C41D67-920F-4FB1-815C-CA7DAB79E04D}.Debug|Any CPU.Build.0 = Debug|Any CPU
		{36C41D67-920F-4FB1-815C-CA7DAB79E04D}.Debug|x64.ActiveCfg = Debug|Any CPU
		{36C41D67-920F-4FB1-815C-CA7DAB79E04D}.Debug|x64.Build.0 = Debug|Any CPU
		{36C41D67-920F-4FB1-815C-CA7DAB79E04D}.Debug|x86.ActiveCfg = Debug|Any CPU
		{36C41D67-920F-4FB1-815C-CA7DAB79E04D}.Debug|x86.Build.0 = Debug|Any CPU
		{36C41D67-920F-4FB1-815C-CA7DAB79E04D}.Release|Any CPU.ActiveCfg = Release|Any CPU
		{36C41D67-920F-4FB1-815C-CA7DAB79E04D}.Release|Any CPU.Build.0 = Release|Any CPU
		{36C41D67-920F-4FB1-815C-CA7DAB79E04D}.Release|x64.ActiveCfg = Release|Any CPU
		{36C41D67-920F-4FB1-815C-CA7DAB79E04D}.Release|x64.Build.0 = Release|Any CPU
		{36C41D67-920F-4FB1-815C-CA7DAB79E04D}.Release|x86.ActiveCfg = Release|Any CPU
		{36C41D67-920F-4FB1-815C-CA7DAB79E04D}.Release|x86.Build.0 = Release|Any CPU
	EndGlobalSection
	GlobalSection(SolutionProperties) = preSolution
		HideSolutionNode = FALSE
	EndGlobalSection
	GlobalSection(NestedProjects) = preSolution
		{BE167A22-0BCB-47CA-8825-EE15C8900A81} = {827E0CD3-B72D-47B6-A68D-7590B98EB39B}
		{89B1A418-F541-4562-8612-6182DFAE8635} = {827E0CD3-B72D-47B6-A68D-7590B98EB39B}
		{DE4603DC-CF53-4F25-97B3-17B4DD590789} = {827E0CD3-B72D-47B6-A68D-7590B98EB39B}
		{6EF6CCBB-CBA9-4A7F-AF34-F349B2DEA709} = {827E0CD3-B72D-47B6-A68D-7590B98EB39B}
		{26FB8E63-811B-47D7-9986-F49EEE2990A5} = {827E0CD3-B72D-47B6-A68D-7590B98EB39B}
		{36C41D67-920F-4FB1-815C-CA7DAB79E04D} = {827E0CD3-B72D-47B6-A68D-7590B98EB39B}
	EndGlobalSection
	GlobalSection(ExtensibilityGlobals) = postSolution
		SolutionGuid = {AFC26013-C796-4B08-88BA-7440F9740B09}
	EndGlobalSection
EndGlobal
